
Microsoft Visual Studio Solution File, Format Version 12.00
# Visual Studio Version 17
Project("{FAE04EC0-301F-11D3-BF4B-00C04F79EFBC}") = "SlskDownAvalonia", "SlskDownAvalonia\SlskDownAvalonia.csproj", "{A1B2C3D4-E5F6-7890-ABCD-EF1234567890}"
EndProject
Project("{FAE04EC0-301F-11D3-BF4B-00C04F79EFBC}") = "SlskDownImportBiblioteca", "SlskDownImportBiblioteca\SlskDownImportBiblioteca.csproj", "{B2C3D4E5-F6A7-8901-BCDE-F12345678901}"
EndProject
Project("{FAE04EC0-301F-11D3-BF4B-00C04F79EFBC}") = "SlskDownBibliotecaImport", "SlskDownBibliotecaImport\SlskDownBibliotecaImport.csproj", "{AA0F8FE4-D9C1-4C9C-B87C-114A0E4B2F5B}"
EndProject
Project("{FAE04EC0-301F-11D3-BF4B-00C04F79EFBC}") = "SlskDownSmokeSources", "SlskDownSmokeSources\SlskDownSmokeSources.csproj", "{52499848-C074-4EF3-99D0-C62393D0C28F}"
EndProject
Project("{FAE04EC0-301F-11D3-BF4B-00C04F79EFBC}") = "SlskDownAvalonia.Tests", "SlskDownAvalonia\SlskDownAvalonia.Tests.csproj", "{909B3361-35B2-4DC4-8E58-E384161B9B29}"
EndProject
Global
	GlobalSection(SolutionConfigurationPlatforms) = preSolution
		Debug|Any CPU = Debug|Any CPU
		Debug|x64 = Debug|x64
		Debug|x86 = Debug|x86
		Release|Any CPU = Release|Any CPU
		Release|x64 = Release|x64
		Release|x86 = Release|x86
	EndGlobalSection
	GlobalSection(ProjectConfigurationPlatforms) = postSolution
		{A1B2C3D4-E5F6-7890-ABCD-EF1234567890}.Debug|Any CPU.ActiveCfg = Debug|Any CPU
		{A1B2C3D4-E5F6-7890-ABCD-EF1234567890}.Debug|Any CPU.Build.0 = Debug|Any CPU
		{A1B2C3D4-E5F6-7890-ABCD-EF1234567890}.Debug|x64.ActiveCfg = Debug|Any CPU
		{A1B2C3D4-E5F6-7890-ABCD-EF1234567890}.Debug|x64.Build.0 = Debug|Any CPU
		{A1B2C3D4-E5F6-7890-ABCD-EF1234567890}.Debug|x86.ActiveCfg = Debug|Any CPU
		{A1B2C3D4-E5F6-7890-ABCD-EF1234567890}.Debug|x86.Build.0 = Debug|Any CPU
		{A1B2C3D4-E5F6-7890-ABCD-EF1234567890}.Release|Any CPU.ActiveCfg = Release|Any CPU
		{A1B2C3D4-E5F6-7890-ABCD-EF1234567890}.Release|Any CPU.Build.0 = Release|Any CPU
		{A1B2C3D4-E5F6-7890-ABCD-EF1234567890}.Release|x64.ActiveCfg = Release|Any CPU
		{A1B2C3D4-E5F6-7890-ABCD-EF1234567890}.Release|x64.Build.0 = Release|Any CPU
		{A1B2C3D4-E5F6-7890-ABCD-EF1234567890}.Release|x86.ActiveCfg = Release|Any CPU
		{A1B2C3D4-E5F6-7890-ABCD-EF1234567890}.Release|x86.Build.0 = Release|Any CPU
		{B2C3D4E5-F6A7-8901-BCDE-F12345678901}.Debug|Any CPU.ActiveCfg = Debug|Any CPU
		{B2C3D4E5-F6A7-8901-BCDE-F12345678901}.Debug|Any CPU.Build.0 = Debug|Any CPU
		{B2C3D4E5-F6A7-8901-BCDE-F12345678901}.Debug|x64.ActiveCfg = Debug|Any CPU
		{B2C3D4E5-F6A7-8901-BCDE-F12345678901}.Debug|x64.Build.0 = Debug|Any CPU
		{B2C3D4E5-F6A7-8901-BCDE-F12345678901}.Debug|x86.ActiveCfg = Debug|Any CPU
		{B2C3D4E5-F6A7-8901-BCDE-F12345678901}.Debug|x86.Build.0 = Debug|Any CPU
		{B2C3D4E5-F6A7-8901-BCDE-F12345678901}.Release|Any CPU.ActiveCfg = Release|Any CPU
		{B2C3D4E5-F6A7-8901-BCDE-F12345678901}.Release|Any CPU.Build.0 = Release|Any CPU
		{B2C3D4E5-F6A7-8901-BCDE-F12345678901}.Release|x64.ActiveCfg = Release|Any CPU
		{B2C3D4E5-F6A7-8901-BCDE-F12345678901}.Release|x64.Build.0 = Release|Any CPU
		{B2C3D4E5-F6A7-8901-BCDE-F12345678901}.Release|x86.ActiveCfg = Release|Any CPU
		{B2C3D4E5-F6A7-8901-BCDE-F12345678901}.Release|x86.Build.0 = Release|Any CPU
		{AA0F8FE4-D9C1-4C9C-B87C-114A0E4B2F5B}.Debug|Any CPU.ActiveCfg = Debug|Any CPU
		{AA0F8FE4-D9C1-4C9C-B87C-114A0E4B2F5B}.Debug|Any CPU.Build.0 = Debug|Any CPU
		{AA0F8FE4-D9C1-4C9C-B87C-114A0E4B2F5B}.Debug|x64.ActiveCfg = Debug|Any CPU
		{AA0F8FE4-D9C1-4C9C-B87C-114A0E4B2F5B}.Debug|x64.Build.0 = Debug|Any CPU
		{AA0F8FE4-D9C1-4C9C-B87C-114A0E4B2F5B}.Debug|x86.ActiveCfg = Debug|Any CPU
		{AA0F8FE4-D9C1-4C9C-B87C-114A0E4B2F5B}.Debug|x86.Build.0 = Debug|Any CPU
		{AA0F8FE4-D9C1-4C9C-B87C-114A0E4B2F5B}.Release|Any CPU.ActiveCfg = Release|Any CPU
		{AA0F8FE4-D9C1-4C9C-B87C-114A0E4B2F5B}.Release|Any CPU.Build.0 = Release|Any CPU
		{AA0F8FE4-D9C1-4C9C-B87C-114A0E4B2F5B}.Release|x64.ActiveCfg = Release|Any CPU
		{AA0F8FE4-D9C1-4C9C-B87C-114A0E4B2F5B}.Release|x64.Build.0 = Release|Any CPU
		{AA0F8FE4-D9C1-4C9C-B87C-114A0E4B2F5B}.Release|x86.ActiveCfg = Release|Any CPU
		{AA0F8FE4-D9C1-4C9C-B87C-114A0E4B2F5B}.Release|x86.Build.0 = Release|Any CPU
		{52499848-C074-4EF3-99D0-C62393D0C28F}.Debug|Any CPU.ActiveCfg = Debug|Any CPU
		{52499848-C074-4EF3-99D0-C62393D0C28F}.Debug|Any CPU.Build.0 = Debug|Any CPU
		{52499848-C074-4EF3-99D0-C62393D0C28F}.Debug|x64.ActiveCfg = Debug|Any CPU
		{52499848-C074-4EF3-99D0-C62393D0C28F}.Debug|x64.Build.0 = Debug|Any CPU
		{52499848-C074-4EF3-99D0-C62393D0C28F}.Debug|x86.ActiveCfg = Debug|Any CPU
		{52499848-C074-4EF3-99D0-C62393D0C28F}.Debug|x86.Build.0 = Debug|Any CPU
		{52499848-C074-4EF3-99D0-C62393D0C28F}.Release|Any CPU.ActiveCfg = Release|Any CPU
		{52499848-C074-4EF3-99D0-C62393D0C28F}.Release|Any CPU.Build.0 = Release|Any CPU
		{52499848-C074-4EF3-99D0-C62393D0C28F}.Release|x64.ActiveCfg = Release|Any CPU
		{52499848-C074-4EF3-99D0-C62393D0C28F}.Release|x64.Build.0 = Release|Any CPU
		{52499848-C074-4EF3-99D0-C62393D0C28F}.Release|x86.ActiveCfg = Release|Any CPU
		{52499848-C074-4EF3-99D0-C62393D0C28F}.Release|x86.Build.0 = Release|Any CPU
		{909B3361-35B2-4DC4-8E58-E384161B9B29}.Debug|Any CPU.ActiveCfg = Debug|Any CPU
		{909B3361-35B2-4DC4-8E58-E384161B9B29}.Debug|Any CPU.Build.0 = Debug|Any CPU
		{909B3361-35B2-4DC4-8E58-E384161B9B29}.Debug|x64.ActiveCfg = Debug|Any CPU
		{909B3361-35B2-4DC4-8E58-E384161B9B29}.Debug|x64.Build.0 = Debug|Any CPU
		{909B3361-35B2-4DC4-8E58-E384161B9B29}.Debug|x86.ActiveCfg = Debug|Any CPU
		{909B3361-35B2-4DC4-8E58-E384161B9B29}.Debug|x86.Build.0 = Debug|Any CPU
		{909B3361-35B2-4DC4-8E58-E384161B9B29}.Release|Any CPU.ActiveCfg = Release|Any CPU
		{909B3361-35B2-4DC4-8E58-E384161B9B29}.Release|Any CPU.Build.0 = Release|Any CPU
		{909B3361-35B2-4DC4-8E58-E384161B9B29}.Release|x64.ActiveCfg = Release|Any CPU
		{909B3361-35B2-4DC4-8E58-E384161B9B29}.Release|x64.Build.0 = Release|Any CPU
		{909B3361-35B2-4DC4-8E58-E384161B9B29}.Release|x86.ActiveCfg = Release|Any CPU
		{909B3361-35B2-4DC4-8E58-E384161B9B29}.Release|x86.Build.0 = Release|Any CPU
	EndGlobalSection
	GlobalSection(SolutionProperties) = preSolution
		HideSolutionNode = FALSE
	EndGlobalSection
EndGlobal
